// !$*UTF8*$!
{
	archiveVersion = 1;
	classes = {
	};
	objectVersion = 46;
	objects = {

/* Begin PBXBuildFile section */
		1A7D6A461BE2ECDE003873F7 /* AppDelegate.swift in Sources */ = {isa = PBXBuildFile; fileRef = 1A7D6A451BE2ECDE003873F7 /* AppDelegate.swift */; };
		1A7D6A481BE2ECDE003873F7 /* ViewController.swift in Sources */ = {isa = PBXBuildFile; fileRef = 1A7D6A471BE2ECDE003873F7 /* ViewController.swift */; };
		1A7D6A4B1BE2ECDE003873F7 /* Main.storyboard in Resources */ = {isa = PBXBuildFile; fileRef = 1A7D6A491BE2ECDE003873F7 /* Main.storyboard */; };
		1A7D6A4D1BE2ECDE003873F7 /* Assets.xcassets in Resources */ = {isa = PBXBuildFile; fileRef = 1A7D6A4C1BE2ECDE003873F7 /* Assets.xcassets */; };
		1A7D6A501BE2ECDE003873F7 /* LaunchScreen.storyboard in Resources */ = {isa = PBXBuildFile; fileRef = 1A7D6A4E1BE2ECDE003873F7 /* LaunchScreen.storyboard */; };
		1A7D6A581BE2ED08003873F7 /* MapKit.framework in Frameworks */ = {isa = PBXBuildFile; fileRef = 1A7D6A571BE2ED08003873F7 /* MapKit.framework */; };
		1A7D6A5C1BE2F09E003873F7 /* MyCarAnnotation.swift in Sources */ = {isa = PBXBuildFile; fileRef = 1A7D6A5B1BE2F09E003873F7 /* MyCarAnnotation.swift */; };
/* End PBXBuildFile section */

/* Begin PBXFileReference section */
		1A7D6A421BE2ECDE003873F7 /* Where is my car.app */ = {isa = PBXFileReference; explicitFileType = wrapper.application; includeInIndex = 0; path = "Where is my car.app"; sourceTree = BUILT_PRODUCTS_DIR; };
		1A7D6A451BE2ECDE003873F7 /* AppDelegate.swift */ = {isa = PBXFileReference; lastKnownFileType = sourcecode.swift; path = AppDelegate.swift; sourceTree = "<group>"; };
		1A7D6A471BE2ECDE003873F7 /* ViewController.swift */ = {isa = PBXFileReference; lastKnownFileType = sourcecode.swift; path = ViewController.swift; sourceTree = "<group>"; };
		1A7D6A4A1BE2ECDE003873F7 /* Base */ = {isa = PBXFileReference; lastKnownFileType = file.storyboard; name = Base; path = Base.lproj/Main.storyboard; sourceTree = "<group>"; };
		1A7D6A4C1BE2ECDE003873F7 /* Assets.xcassets */ = {isa = PBXFileReference; lastKnownFileType = folder.assetcatalog; path = Assets.xcassets; sourceTree = "<group>"; };
		1A7D6A4F1BE2ECDE003873F7 /* Base */ = {isa = PBXFileReference; lastKnownFileType = file.storyboard; name = Base; path = Base.lproj/LaunchScreen.storyboard; sourceTree = "<group>"; };
		1A7D6A511BE2ECDE003873F7 /* Info.plist */ = {isa = PBXFileReference; lastKnownFileType = text.plist.xml; path = Info.plist; sourceTree = "<group>"; };
		1A7D6A571BE2ED08003873F7 /* MapKit.framework */ = {isa = PBXFileReference; lastKnownFileType = wrapper.framework; name = MapKit.framework; path = System/Library/Frameworks/MapKit.framework; sourceTree = SDKROOT; };
		1A7D6A5B1BE2F09E003873F7 /* MyCarAnnotation.swift */ = {isa = PBXFileReference; fileEncoding = 4; lastKnownFileType = sourcecode.swift; path = MyCarAnnotation.swift; sourceTree = "<group>"; };
/* End PBXFileReference section */

/* Begin PBXFrameworksBuildPhase section */
		1A7D6A3F1BE2ECDE003873F7 /* Frameworks */ = {
			isa = PBXFrameworksBuildPhase;
			buildActionMask = 2147483647;
			files = (
				1A7D6A581BE2ED08003873F7 /* MapKit.framework in Frameworks */,
			);
			runOnlyForDeploymentPostprocessing = 0;
		};
/* End PBXFrameworksBuildPhase section */

/* Begin PBXGroup section */
		1A7D6A391BE2ECDE003873F7 = {
			isa = PBXGroup;
			children = (
				1A7D6A571BE2ED08003873F7 /* MapKit.framework */,
				1A7D6A441BE2ECDE003873F7 /* Where is my car */,
				1A7D6A431BE2ECDE003873F7 /* Products */,
			);
			sourceTree = "<group>";
		};
		1A7D6A431BE2ECDE003873F7 /* Products */ = {
			isa = PBXGroup;
			children = (
				1A7D6A421BE2ECDE003873F7 /* Where is my car.app */,
			);
			name = Products;
			sourceTree = "<group>";
		};
		1A7D6A441BE2ECDE003873F7 /* Where is my car */ = {
			isa = PBXGroup;
			children = (
				1A7D6A451BE2ECDE003873F7 /* AppDelegate.swift */,
				1A7D6A471BE2ECDE003873F7 /* ViewController.swift */,
				1A7D6A491BE2ECDE003873F7 /* Main.storyboard */,
				1A7D6A4C1BE2ECDE003873F7 /* Assets.xcassets */,
				1A7D6A4E1BE2ECDE003873F7 /* LaunchScreen.storyboard */,
				1A7D6A511BE2ECDE003873F7 /* Info.plist */,
				1A7D6A5B1BE2F09E003873F7 /* MyCarAnnotation.swift */,
			);
			path = "Where is my car";
			sourceTree = "<group>";
		};
/* End PBXGroup section */

/* Begin PBXNativeTarget section */
		1A7D6A411BE2ECDE003873F7 /* Where is my car */ = {
			isa = PBXNativeTarget;
			buildConfigurationList = 1A7D6A541BE2ECDE003873F7 /* Build configuration list for PBXNativeTarget "Where is my car" */;
			buildPhases = (
				1A7D6A3E1BE2ECDE003873F7 /* Sources */,
				1A7D6A3F1BE2ECDE003873F7 /* Frameworks */,
				1A7D6A401BE2ECDE003873F7 /* Resources */,
			);
			buildRules = (
			);
			dependencies = (
			);
			name = "Where is my car";
			productName = "Where is my car";
			productReference = 1A7D6A421BE2ECDE003873F7 /* Where is my car.app */;
			productType = "com.apple.product-type.application";
		};
/* End PBXNativeTarget section */

/* Begin PBXProject section */
		1A7D6A3A1BE2ECDE003873F7 /* Project object */ = {
			isa = PBXProject;
			attributes = {
				LastSwiftUpdateCheck = 0710;
				LastUpgradeCheck = 0710;
				ORGANIZATIONNAME = noun;
				TargetAttributes = {
					1A7D6A411BE2ECDE003873F7 = {
						CreatedOnToolsVersion = 7.1;
						SystemCapabilities = {
							com.apple.Maps.iOS = {
								enabled = 1;
							};
						};
					};
				};
			};
			buildConfigurationList = 1A7D6A3D1BE2ECDE003873F7 /* Build configuration list for PBXProject "Where is my car" */;
			compatibilityVersion = "Xcode 3.2";
			developmentRegion = English;
			hasScannedForEncodings = 0;
			knownRegions = (
				en,
				Base,
			);
			mainGroup = 1A7D6A391BE2ECDE003873F7;
			productRefGroup = 1A7D6A431BE2ECDE003873F7 /* Products */;
			projectDirPath = "";
			projectRoot = "";
			targets = (
				1A7D6A411BE2ECDE003873F7 /* Where is my car */,
			);
		};
/* End PBXProject section */

/* Begin PBXResourcesBuildPhase section */
		1A7D6A401BE2ECDE003873F7 /* Resources */ = {
			isa = PBXResourcesBuildPhase;
			buildActionMask = 2147483647;
			files = (
				1A7D6A501BE2ECDE003873F7 /* LaunchScreen.storyboard in Resources */,
				1A7D6A4D1BE2ECDE003873F7 /* Assets.xcassets in Resources */,
				1A7D6A4B1BE2ECDE003873F7 /* Main.storyboard in Resources */,
			);
			runOnlyForDeploymentPostprocessing = 0;
		};
/* End PBXResourcesBuildPhase section */

/* Begin PBXSourcesBuildPhase section */
		1A7D6A3E1BE2ECDE003873F7 /* Sources */ = {
			isa = PBXSourcesBuildPhase;
			buildActionMask = 2147483647;
			files = (
				1A7D6A481BE2ECDE003873F7 /* ViewController.swift in Sources */,
				1A7D6A5C1BE2F09E003873F7 /* MyCarAnnotation.swift in Sources */,
				1A7D6A461BE2ECDE003873F7 /* AppDelegate.swift in Sources */,
			);
			runOnlyForDeploymentPostprocessing = 0;
		};
/* End PBXSourcesBuildPhase section */

/* Begin PBXVariantGroup section */
		1A7D6A491BE2ECDE003873F7 /* Main.storyboard */ = {
			isa = PBXVariantGroup;
			children = (
				1A7D6A4A1BE2ECDE003873F7 /* Base */,
			);
			name = Main.storyboard;
			sourceTree = "<group>";
		};
		1A7D6A4E1BE2ECDE003873F7 /* LaunchScreen.storyboard */ = {
			isa = PBXVariantGroup;
			children = (
				1A7D6A4F1BE2ECDE003873F7 /* Base */,
			);
			name = LaunchScreen.storyboard;
			sourceTree = "<group>";
		};
/* End PBXVariantGroup section */

/* Begin XCBuildConfiguration section */
		1A7D6A521BE2ECDE003873F7 /* Debug */ = {
			isa = XCBuildConfiguration;
			buildSettings = {
				ALWAYS_SEARCH_USER_PATHS = NO;
				CLANG_CXX_LANGUAGE_STANDARD = "gnu++0x";
				CLANG_CXX_LIBRARY = "libc++";
				CLANG_ENABLE_MODULES = YES;
				CLANG_ENABLE_OBJC_ARC = YES;
				CLANG_WARN_BOOL_CONVERSION = YES;
				CLANG_WARN_CONSTANT_CONVERSION = YES;
				CLANG_WARN_DIRECT_OBJC_ISA_USAGE = YES_ERROR;
				CLANG_WARN_EMPTY_BODY = YES;
				CLANG_WARN_ENUM_CONVERSION = YES;
				CLANG_WARN_INT_CONVERSION = YES;
				CLANG_WARN_OBJC_ROOT_CLASS = YES_ERROR;
				CLANG_WARN_UNREACHABLE_CODE = YES;
				CLANG_WARN__DUPLICATE_METHOD_MATCH = YES;
				"CODE_SIGN_IDENTITY[sdk=iphoneos*]" = "iPhone Developer";
				COPY_PHASE_STRIP = NO;
				DEBUG_INFORMATION_FORMAT = dwarf;
				ENABLE_STRICT_OBJC_MSGSEND = YES;
				ENABLE_TESTABILITY = YES;
				GCC_C_LANGUAGE_STANDARD = gnu99;
				GCC_DYNAMIC_NO_PIC = NO;
				GCC_NO_COMMON_BLOCKS = YES;
				GCC_OPTIMIZATION_LEVEL = 0;
				GCC_PREPROCESSOR_DEFINITIONS = (
					"DEBUG=1",
					"$(inherited)",
				);
				GCC_WARN_64_TO_32_BIT_CONVERSION = YES;
				GCC_WARN_ABOUT_RETURN_TYPE = YES_ERROR;
				GCC_WARN_UNDECLARED_SELECTOR = YES;
				GCC_WARN_UNINITIALIZED_AUTOS = YES_AGGRESSIVE;
				GCC_WARN_UNUSED_FUNCTION = YES;
				GCC_WARN_UNUSED_VARIABLE = YES;
				IPHONEOS_DEPLOYMENT_TARGET = 9.1;
				MTL_ENABLE_DEBUG_INFO = YES;
				ONLY_ACTIVE_ARCH = YES;
				SDKROOT = iphoneos;
				SWIFT_OPTIMIZATION_LEVEL = "-Onone";
			};
			name = Debug;
		};
		1A7D6A531BE2ECDE003873F7 /* Release */ = {
			isa = XCBuildConfiguration;
			buildSettings = {
				ALWAYS_SEARCH_USER_PATHS = NO;
				CLANG_CXX_LANGUAGE_STANDARD = "gnu++0x";
				CLANG_CXX_LIBRARY = "libc++";
				CLANG_ENABLE_MODULES = YES;
				CLANG_ENABLE_OBJC_ARC = YES;
				CLANG_WARN_BOOL_CONVERSION = YES;
				CLANG_WARN_CONSTANT_CONVERSION = YES;
				CLANG_WARN_DIRECT_OBJC_ISA_USAGE = YES_ERROR;
				CLANG_WARN_EMPTY_BODY = YES;
				CLANG_WARN_ENUM_CONVERSION = YES;
				CLANG_WARN_INT_CONVERSION = YES;
				CLANG_WARN_OBJC_ROOT_CLASS = YES_ERROR;
				CLANG_WARN_UNREACHABLE_CODE = YES;
				CLANG_WARN__DUPLICATE_METHOD_MATCH = YES;
				"CODE_SIGN_IDENTITY[sdk=iphoneos*]" = "iPhone Developer";
				COPY_PHASE_STRIP = NO;
				DEBUG_INFORMATION_FORMAT = "dwarf-with-dsym";
				ENABLE_NS_ASSERTIONS = NO;
				ENABLE_STRICT_OBJC_MSGSEND = YES;
				GCC_C_LANGUAGE_STANDARD = gnu99;
				GCC_NO_COMMON_BLOCKS = YES;
				GCC_WARN_64_TO_32_BIT_CONVERSION = YES;
				GCC_WARN_ABOUT_RETURN_TYPE = YES_ERROR;
				GCC_WARN_UNDECLARED_SELECTOR = YES;
				GCC_WARN_UNINITIALIZED_AUTOS = YES_AGGRESSIVE;
				GCC_WARN_UNUSED_FUNCTION = YES;
				GCC_WARN_UNUSED_VARIABLE = YES;
				IPHONEOS_DEPLOYMENT_TARGET = 9.1;
				MTL_ENABLE_DEBUG_INFO = NO;
				SDKROOT = iphoneos;
				VALIDATE_PRODUCT = YES;
			};
			name = Release;
		};
		1A7D6A551BE2ECDE003873F7 /* Debug */ = {
			isa = XCBuildConfiguration;
			buildSettings = {
				ASSETCATALOG_COMPILER_APPICON_NAME = AppIcon;
				INFOPLIST_FILE = "Where is my car/Info.plist";
				LD_RUNPATH_SEARCH_PATHS = "$(inherited) @executable_path/Frameworks";
				PRODUCT_BUNDLE_IDENTIFIER = "com.meinc.Where-is-my-car";
				PRODUCT_NAME = "$(TARGET_NAME)";
			};
			name = Debug;
		};
		1A7D6A561BE2ECDE003873F7 /* Release */ = {
			isa = XCBuildConfiguration;
			buildSettings = {
				ASSETCATALOG_COMPILER_APPICON_NAME = AppIcon;
				INFOPLIST_FILE = "Where is my car/Info.plist";
				LD_RUNPATH_SEARCH_PATHS = "$(inherited) @executable_path/Frameworks";
				PRODUCT_BUNDLE_IDENTIFIER = "com.meinc.Where-is-my-car";
				PRODUCT_NAME = "$(TARGET_NAME)";
			};
			name = Release;
		};
/* End XCBuildConfiguration section */

/* Begin XCConfigurationList section */
		1A7D6A3D1BE2ECDE003873F7 /* Build configuration list for PBXProject "Where is my car" */ = {
			isa = XCConfigurationList;
			buildConfigurations = (
				1A7D6A521BE2ECDE003873F7 /* Debug */,
				1A7D6A531BE2ECDE003873F7 /* Release */,
			);
			defaultConfigurationIsVisible = 0;
			defaultConfigurationName = Release;
		};
		1A7D6A541BE2ECDE003873F7 /* Build configuration list for PBXNativeTarget "Where is my car" */ = {
			isa = XCConfigurationList;
			buildConfigurations = (
				1A7D6A551BE2ECDE003873F7 /* Debug */,
				1A7D6A561BE2ECDE003873F7 /* Release */,
			);
			defaultConfigurationIsVisible = 0;
		};
/* End XCConfigurationList section */
	};
	rootObject = 1A7D6A3A1BE2ECDE003873F7 /* Project object */;
}
